
Microsoft Visual Studio Solution File, Format Version 12.00
# Visual Studio 15
VisualStudioVersion = 15.0.28010.2036
MinimumVisualStudioVersion = 10.0.40219.1
Project("{FAE04EC0-301F-11D3-BF4B-00C04F79EFBC}") = "AddBuildGravitasTable", "AddBuildGravitasTable\AddBuildGravitasTable.csproj", "{BC4407F6-C4EF-4338-82F3-F1534B965FB1}"
EndProject
Project("{FAE04EC0-301F-11D3-BF4B-00C04F79EFBC}") = "AddBuildSetpieceLight", "AddBuildSetpieceLight\AddBuildSetpieceLight.csproj", "{EBF72B43-A315-4DF8-9323-062771A8623D}"
EndProject
Project("{FAE04EC0-301F-11D3-BF4B-00C04F79EFBC}") = "AddBuildSaltLamp", "AddBuildSaltLamp\AddBuildSaltLamp.csproj", "{CC88E176-EF41-41B9-92EF-A6C63A01B2EA}"
EndProject
Project("{FAE04EC0-301F-11D3-BF4B-00C04F79EFBC}") = "AnimationDataViewer", "AnimationConverter\AnimationDataViewer.csproj", "{840F5676-089D-4881-ABD4-3DDEE3C4E126}"
EndProject
Project("{FAE04EC0-301F-11D3-BF4B-00C04F79EFBC}") = "AnimationTools", "AnimationTools\AnimationTools.csproj", "{C17D7D76-8F2C-4A13-84D1-7AA639380CC6}"
EndProject
Project("{FAE04EC0-301F-11D3-BF4B-00C04F79EFBC}") = "AnimationLibrary", "AnimationLibrary\AnimationLibrary.csproj", "{DCE54063-EE40-404E-9C39-C8CBD8B80C93}"
EndProject
Global
	GlobalSection(SolutionConfigurationPlatforms) = preSolution
		Debug|Any CPU = Debug|Any CPU
		Release|Any CPU = Release|Any CPU
	EndGlobalSection
	GlobalSection(ProjectConfigurationPlatforms) = postSolution
		{BC4407F6-C4EF-4338-82F3-F1534B965FB1}.Debug|Any CPU.ActiveCfg = Debug|Any CPU
		{BC4407F6-C4EF-4338-82F3-F1534B965FB1}.Debug|Any CPU.Build.0 = Debug|Any CPU
		{BC4407F6-C4EF-4338-82F3-F1534B965FB1}.Release|Any CPU.ActiveCfg = Release|Any CPU
		{BC4407F6-C4EF-4338-82F3-F1534B965FB1}.Release|Any CPU.Build.0 = Release|Any CPU
		{EBF72B43-A315-4DF8-9323-062771A8623D}.Debug|Any CPU.ActiveCfg = Debug|Any CPU
		{EBF72B43-A315-4DF8-9323-062771A8623D}.Debug|Any CPU.Build.0 = Debug|Any CPU
		{EBF72B43-A315-4DF8-9323-062771A8623D}.Release|Any CPU.ActiveCfg = Release|Any CPU
		{EBF72B43-A315-4DF8-9323-062771A8623D}.Release|Any CPU.Build.0 = Release|Any CPU
		{CC88E176-EF41-41B9-92EF-A6C63A01B2EA}.Debug|Any CPU.ActiveCfg = Debug|Any CPU
		{CC88E176-EF41-41B9-92EF-A6C63A01B2EA}.Debug|Any CPU.Build.0 = Debug|Any CPU
		{CC88E176-EF41-41B9-92EF-A6C63A01B2EA}.Release|Any CPU.ActiveCfg = Release|Any CPU
		{CC88E176-EF41-41B9-92EF-A6C63A01B2EA}.Release|Any CPU.Build.0 = Release|Any CPU
		{840F5676-089D-4881-ABD4-3DDEE3C4E126}.Debug|Any CPU.ActiveCfg = Debug|Any CPU
		{840F5676-089D-4881-ABD4-3DDEE3C4E126}.Debug|Any CPU.Build.0 = Debug|Any CPU
		{840F5676-089D-4881-ABD4-3DDEE3C4E126}.Release|Any CPU.ActiveCfg = Release|Any CPU
		{840F5676-089D-4881-ABD4-3DDEE3C4E126}.Release|Any CPU.Build.0 = Release|Any CPU
		{C17D7D76-8F2C-4A13-84D1-7AA639380CC6}.Debug|Any CPU.ActiveCfg = Debug|Any CPU
		{C17D7D76-8F2C-4A13-84D1-7AA639380CC6}.Debug|Any CPU.Build.0 = Debug|Any CPU
		{C17D7D76-8F2C-4A13-84D1-7AA639380CC6}.Release|Any CPU.ActiveCfg = Release|Any CPU
		{C17D7D76-8F2C-4A13-84D1-7AA639380CC6}.Release|Any CPU.Build.0 = Release|Any CPU
		{DCE54063-EE40-404E-9C39-C8CBD8B80C93}.Debug|Any CPU.ActiveCfg = Debug|Any CPU
		{DCE54063-EE40-404E-9C39-C8CBD8B80C93}.Debug|Any CPU.Build.0 = Debug|Any CPU
		{DCE54063-EE40-404E-9C39-C8CBD8B80C93}.Release|Any CPU.ActiveCfg = Release|Any CPU
		{DCE54063-EE40-404E-9C39-C8CBD8B80C93}.Release|Any CPU.Build.0 = Release|Any CPU
	EndGlobalSection
	GlobalSection(SolutionProperties) = preSolution
		HideSolutionNode = FALSE
	EndGlobalSection
	GlobalSection(ExtensibilityGlobals) = postSolution
		SolutionGuid = {1231CA4F-BBD1-4BC3-BFF5-16C760598FD3}
	EndGlobalSection
EndGlobal
